
Microsoft Visual Studio Solution File, Format Version 12.00
# Visual Studio Version 17
VisualStudioVersion = 17.1.32407.343
MinimumVisualStudioVersion = 10.0.40219.1
Project("{FAE04EC0-301F-11D3-BF4B-00C04F79EFBC}") = "xamarin_vs22_17_1_4", "xamarin_vs22_17_1_4\xamarin_vs22_17_1_4.csproj", "{15E5F74E-BDD5-4E6F-AABD-073E81018995}"
EndProject
Global
	GlobalSection(SolutionConfigurationPlatforms) = preSolution
		Debug|Any CPU = Debug|Any CPU
		Release|Any CPU = Release|Any CPU
	EndGlobalSection
	GlobalSection(ProjectConfigurationPlatforms) = postSolution
		{15E5F74E-BDD5-4E6F-AABD-073E81018995}.Debug|Any CPU.ActiveCfg = Debug|Any CPU
		{15E5F74E-BDD5-4E6F-AABD-073E81018995}.Debug|Any CPU.Build.0 = Debug|Any CPU
		{15E5F74E-BDD5-4E6F-AABD-073E81018995}.Debug|Any CPU.Deploy.0 = Debug|Any CPU
		{15E5F74E-BDD5-4E6F-AABD-073E81018995}.Release|Any CPU.ActiveCfg = Release|Any CPU
		{15E5F74E-BDD5-4E6F-AABD-073E81018995}.Release|Any CPU.Build.0 = Release|Any CPU
		{15E5F74E-BDD5-4E6F-AABD-073E81018995}.Release|Any CPU.Deploy.0 = Release|Any CPU
	EndGlobalSection
	GlobalSection(SolutionProperties) = preSolution
		HideSolutionNode = FALSE
	EndGlobalSection
	GlobalSection(ExtensibilityGlobals) = postSolution
		SolutionGuid = {6449C417-5EA5-41C3-BCD5-165368F0F410}
	EndGlobalSection
EndGlobal
