
Microsoft Visual Studio Solution File, Format Version 12.00
# Visual Studio Version 17
VisualStudioVersion = 17.4.33205.214
MinimumVisualStudioVersion = 10.0.40219.1
Project("{FAE04EC0-301F-11D3-BF4B-00C04F79EFBC}") = "xamarin_vs22_17_4_3", "xamarin_vs22_17_4_3\xamarin_vs22_17_4_3.csproj", "{61FC10FD-AEBE-4C07-8FB8-6820086A553B}"
EndProject
Global
	GlobalSection(SolutionConfigurationPlatforms) = preSolution
		Debug|Any CPU = Debug|Any CPU
		Release|Any CPU = Release|Any CPU
	EndGlobalSection
	GlobalSection(ProjectConfigurationPlatforms) = postSolution
		{61FC10FD-AEBE-4C07-8FB8-6820086A553B}.Debug|Any CPU.ActiveCfg = Debug|Any CPU
		{61FC10FD-AEBE-4C07-8FB8-6820086A553B}.Debug|Any CPU.Build.0 = Debug|Any CPU
		{61FC10FD-AEBE-4C07-8FB8-6820086A553B}.Debug|Any CPU.Deploy.0 = Debug|Any CPU
		{61FC10FD-AEBE-4C07-8FB8-6820086A553B}.Release|Any CPU.ActiveCfg = Release|Any CPU
		{61FC10FD-AEBE-4C07-8FB8-6820086A553B}.Release|Any CPU.Build.0 = Release|Any CPU
		{61FC10FD-AEBE-4C07-8FB8-6820086A553B}.Release|Any CPU.Deploy.0 = Release|Any CPU
	EndGlobalSection
	GlobalSection(SolutionProperties) = preSolution
		HideSolutionNode = FALSE
	EndGlobalSection
	GlobalSection(ExtensibilityGlobals) = postSolution
		SolutionGuid = {23A3BA77-4F3D-4704-B83E-99A1CFEDC0CA}
	EndGlobalSection
EndGlobal
