
Microsoft Visual Studio Solution File, Format Version 12.00
# Visual Studio Version 16
VisualStudioVersion = 16.0.32510.428
MinimumVisualStudioVersion = 10.0.40219.1
Project("{FAE04EC0-301F-11D3-BF4B-00C04F79EFBC}") = "xamarin_vs19_16_11_15", "xamarin_vs19_16_11_15\xamarin_vs19_16_11_15.csproj", "{B6EA6BCD-B5EB-48DC-9313-4FC59F62A0FE}"
EndProject
Global
	GlobalSection(SolutionConfigurationPlatforms) = preSolution
		Debug|Any CPU = Debug|Any CPU
		Release|Any CPU = Release|Any CPU
	EndGlobalSection
	GlobalSection(ProjectConfigurationPlatforms) = postSolution
		{B6EA6BCD-B5EB-48DC-9313-4FC59F62A0FE}.Debug|Any CPU.ActiveCfg = Debug|Any CPU
		{B6EA6BCD-B5EB-48DC-9313-4FC59F62A0FE}.Debug|Any CPU.Build.0 = Debug|Any CPU
		{B6EA6BCD-B5EB-48DC-9313-4FC59F62A0FE}.Debug|Any CPU.Deploy.0 = Debug|Any CPU
		{B6EA6BCD-B5EB-48DC-9313-4FC59F62A0FE}.Release|Any CPU.ActiveCfg = Release|Any CPU
		{B6EA6BCD-B5EB-48DC-9313-4FC59F62A0FE}.Release|Any CPU.Build.0 = Release|Any CPU
		{B6EA6BCD-B5EB-48DC-9313-4FC59F62A0FE}.Release|Any CPU.Deploy.0 = Release|Any CPU
	EndGlobalSection
	GlobalSection(SolutionProperties) = preSolution
		HideSolutionNode = FALSE
	EndGlobalSection
	GlobalSection(ExtensibilityGlobals) = postSolution
		SolutionGuid = {D52EA3A7-56F4-48B9-9543-9399B30CA4BC}
	EndGlobalSection
EndGlobal
