
Microsoft Visual Studio Solution File, Format Version 12.00
# Visual Studio Version 16
VisualStudioVersion = 16.0.31321.278
MinimumVisualStudioVersion = 10.0.40219.1
Project("{FAE04EC0-301F-11D3-BF4B-00C04F79EFBC}") = "xamarin_vs19_16_10_0_single", "xamarin_vs19_16_10_0_single\xamarin_vs19_16_10_0_single.csproj", "{5EE5DAA6-2B59-4743-BFC5-578449AE8340}"
EndProject
Global
	GlobalSection(SolutionConfigurationPlatforms) = preSolution
		Debug|Any CPU = Debug|Any CPU
		Release|Any CPU = Release|Any CPU
	EndGlobalSection
	GlobalSection(ProjectConfigurationPlatforms) = postSolution
		{5EE5DAA6-2B59-4743-BFC5-578449AE8340}.Debug|Any CPU.ActiveCfg = Debug|Any CPU
		{5EE5DAA6-2B59-4743-BFC5-578449AE8340}.Debug|Any CPU.Build.0 = Debug|Any CPU
		{5EE5DAA6-2B59-4743-BFC5-578449AE8340}.Debug|Any CPU.Deploy.0 = Debug|Any CPU
		{5EE5DAA6-2B59-4743-BFC5-578449AE8340}.Release|Any CPU.ActiveCfg = Release|Any CPU
		{5EE5DAA6-2B59-4743-BFC5-578449AE8340}.Release|Any CPU.Build.0 = Release|Any CPU
		{5EE5DAA6-2B59-4743-BFC5-578449AE8340}.Release|Any CPU.Deploy.0 = Release|Any CPU
	EndGlobalSection
	GlobalSection(SolutionProperties) = preSolution
		HideSolutionNode = FALSE
	EndGlobalSection
	GlobalSection(ExtensibilityGlobals) = postSolution
		SolutionGuid = {F271A3C1-A69D-4C59-8C6E-C3B9274EE738}
	EndGlobalSection
EndGlobal
