
Microsoft Visual Studio Solution File, Format Version 12.00
# Visual Studio Version 16
VisualStudioVersion = 16.0.33027.164
MinimumVisualStudioVersion = 10.0.40219.1
Project("{FAE04EC0-301F-11D3-BF4B-00C04F79EFBC}") = "xamarin_vs19_16_11_21_tabbed", "xamarin_vs19_16_11_21_tabbed\xamarin_vs19_16_11_21_tabbed.csproj", "{E795EEDC-EC94-4833-AB44-C0061A3D4E3F}"
EndProject
Global
	GlobalSection(SolutionConfigurationPlatforms) = preSolution
		Debug|Any CPU = Debug|Any CPU
		Release|Any CPU = Release|Any CPU
	EndGlobalSection
	GlobalSection(ProjectConfigurationPlatforms) = postSolution
		{E795EEDC-EC94-4833-AB44-C0061A3D4E3F}.Debug|Any CPU.ActiveCfg = Debug|Any CPU
		{E795EEDC-EC94-4833-AB44-C0061A3D4E3F}.Debug|Any CPU.Build.0 = Debug|Any CPU
		{E795EEDC-EC94-4833-AB44-C0061A3D4E3F}.Debug|Any CPU.Deploy.0 = Debug|Any CPU
		{E795EEDC-EC94-4833-AB44-C0061A3D4E3F}.Release|Any CPU.ActiveCfg = Release|Any CPU
		{E795EEDC-EC94-4833-AB44-C0061A3D4E3F}.Release|Any CPU.Build.0 = Release|Any CPU
		{E795EEDC-EC94-4833-AB44-C0061A3D4E3F}.Release|Any CPU.Deploy.0 = Release|Any CPU
	EndGlobalSection
	GlobalSection(SolutionProperties) = preSolution
		HideSolutionNode = FALSE
	EndGlobalSection
	GlobalSection(ExtensibilityGlobals) = postSolution
		SolutionGuid = {B44DB17F-154A-4E1E-BA9D-3A0A820655EA}
	EndGlobalSection
EndGlobal
