
Microsoft Visual Studio Solution File, Format Version 12.00
# Visual Studio Version 17
VisualStudioVersion = 17.4.33122.133
MinimumVisualStudioVersion = 10.0.40219.1
Project("{FAE04EC0-301F-11D3-BF4B-00C04F79EFBC}") = "xamarin_vs22_17_4_2", "xamarin_vs22_17_4_2\xamarin_vs22_17_4_2.csproj", "{E13A964E-BEB5-4AAE-B53B-3DC57BEEB1C4}"
EndProject
Global
	GlobalSection(SolutionConfigurationPlatforms) = preSolution
		Debug|Any CPU = Debug|Any CPU
		Release|Any CPU = Release|Any CPU
	EndGlobalSection
	GlobalSection(ProjectConfigurationPlatforms) = postSolution
		{E13A964E-BEB5-4AAE-B53B-3DC57BEEB1C4}.Debug|Any CPU.ActiveCfg = Debug|Any CPU
		{E13A964E-BEB5-4AAE-B53B-3DC57BEEB1C4}.Debug|Any CPU.Build.0 = Debug|Any CPU
		{E13A964E-BEB5-4AAE-B53B-3DC57BEEB1C4}.Debug|Any CPU.Deploy.0 = Debug|Any CPU
		{E13A964E-BEB5-4AAE-B53B-3DC57BEEB1C4}.Release|Any CPU.ActiveCfg = Release|Any CPU
		{E13A964E-BEB5-4AAE-B53B-3DC57BEEB1C4}.Release|Any CPU.Build.0 = Release|Any CPU
		{E13A964E-BEB5-4AAE-B53B-3DC57BEEB1C4}.Release|Any CPU.Deploy.0 = Release|Any CPU
	EndGlobalSection
	GlobalSection(SolutionProperties) = preSolution
		HideSolutionNode = FALSE
	EndGlobalSection
	GlobalSection(ExtensibilityGlobals) = postSolution
		SolutionGuid = {F1564C6F-939F-4622-9552-78585BE3C67A}
	EndGlobalSection
EndGlobal
