
Microsoft Visual Studio Solution File, Format Version 12.00
# Visual Studio Version 17
VisualStudioVersion = 17.0.31903.59
MinimumVisualStudioVersion = 10.0.40219.1
Project("{FAE04EC0-301F-11D3-BF4B-00C04F79EFBC}") = "xamarin_vs22_17_0_0", "xamarin_vs22_17_0_0\xamarin_vs22_17_0_0.csproj", "{FF60D957-4B79-41AF-B76F-4A3D291EABB6}"
EndProject
Global
	GlobalSection(SolutionConfigurationPlatforms) = preSolution
		Debug|Any CPU = Debug|Any CPU
		Release|Any CPU = Release|Any CPU
	EndGlobalSection
	GlobalSection(ProjectConfigurationPlatforms) = postSolution
		{FF60D957-4B79-41AF-B76F-4A3D291EABB6}.Debug|Any CPU.ActiveCfg = Debug|Any CPU
		{FF60D957-4B79-41AF-B76F-4A3D291EABB6}.Debug|Any CPU.Build.0 = Debug|Any CPU
		{FF60D957-4B79-41AF-B76F-4A3D291EABB6}.Debug|Any CPU.Deploy.0 = Debug|Any CPU
		{FF60D957-4B79-41AF-B76F-4A3D291EABB6}.Release|Any CPU.ActiveCfg = Release|Any CPU
		{FF60D957-4B79-41AF-B76F-4A3D291EABB6}.Release|Any CPU.Build.0 = Release|Any CPU
		{FF60D957-4B79-41AF-B76F-4A3D291EABB6}.Release|Any CPU.Deploy.0 = Release|Any CPU
	EndGlobalSection
	GlobalSection(SolutionProperties) = preSolution
		HideSolutionNode = FALSE
	EndGlobalSection
	GlobalSection(ExtensibilityGlobals) = postSolution
		SolutionGuid = {0E9473A7-89E8-4F38-9597-4F0AAFA296FE}
	EndGlobalSection
EndGlobal
